
Microsoft Visual Studio Solution File, Format Version 12.00
# Visual Studio Version 16
VisualStudioVersion = 16.0.32106.194
MinimumVisualStudioVersion = 10.0.40219.1
Project("{FAE04EC0-301F-11D3-BF4B-00C04F79EFBC}") = "TechAssignment3-UsingITerativeStatements", "TechAssignment3-UsingITerativeStatements.csproj", "{344080F8-FE2F-4B94-8271-A4E90F78F4B4}"
EndProject
Global
	GlobalSection(SolutionConfigurationPlatforms) = preSolution
		Debug|Any CPU = Debug|Any CPU
		Release|Any CPU = Release|Any CPU
	EndGlobalSection
	GlobalSection(ProjectConfigurationPlatforms) = postSolution
		{344080F8-FE2F-4B94-8271-A4E90F78F4B4}.Debug|Any CPU.ActiveCfg = Debug|Any CPU
		{344080F8-FE2F-4B94-8271-A4E90F78F4B4}.Debug|Any CPU.Build.0 = Debug|Any CPU
		{344080F8-FE2F-4B94-8271-A4E90F78F4B4}.Release|Any CPU.ActiveCfg = Release|Any CPU
		{344080F8-FE2F-4B94-8271-A4E90F78F4B4}.Release|Any CPU.Build.0 = Release|Any CPU
	EndGlobalSection
	GlobalSection(SolutionProperties) = preSolution
		HideSolutionNode = FALSE
	EndGlobalSection
	GlobalSection(ExtensibilityGlobals) = postSolution
		SolutionGuid = {DCE6159F-4E3D-469D-AE17-F9D3C76C8124}
	EndGlobalSection
EndGlobal
